PODS:
  - Kingfisher (7.10.1)
  - SnapKit (5.0.1)

DEPENDENCIES:
  - Kingfisher
  - SnapKit

SPEC REPOS:
  trunk:
    - Kingfisher
    - SnapKit

SPEC CHECKSUMS:
  Kingfisher: bc5abe80a8e0144537ef1dd5a0b2621b04f7f439
  SnapKit: 97b92857e3df3a0c71833cce143274bf6ef8e5eb

PODFILE CHECKSUM: 7e8a4610d8e8a5e1cb6f123cdb1d0d817036f14b

COCOAPODS: 1.14.3
